
Microsoft Visual Studio Solution File, Format Version 12.00
# Visual Studio Version 17
VisualStudioVersion = 17.11.35327.3
MinimumVisualStudioVersion = 10.0.40219.1
Project("{FAE04EC0-301F-11D3-BF4B-00C04F79EFBC}") = "Entities", "Entities\Entities.csproj", "{07B28D2C-6DC9-485C-AE6F-A88519E05C7A}"
EndProject
Global
	GlobalSection(SolutionConfigurationPlatforms) = preSolution
		Debug|Any CPU = Debug|Any CPU
		Release|Any CPU = Release|Any CPU
	EndGlobalSection
	GlobalSection(ProjectConfigurationPlatforms) = postSolution
		{07B28D2C-6DC9-485C-AE6F-A88519E05C7A}.Debug|Any CPU.ActiveCfg = Debug|Any CPU
		{07B28D2C-6DC9-485C-AE6F-A88519E05C7A}.Debug|Any CPU.Build.0 = Debug|Any CPU
		{07B28D2C-6DC9-485C-AE6F-A88519E05C7A}.Release|Any CPU.ActiveCfg = Release|Any CPU
		{07B28D2C-6DC9-485C-AE6F-A88519E05C7A}.Release|Any CPU.Build.0 = Release|Any CPU
	EndGlobalSection
	GlobalSection(SolutionProperties) = preSolution
		HideSolutionNode = FALSE
	EndGlobalSection
	GlobalSection(ExtensibilityGlobals) = postSolution
		SolutionGuid = {4CE2AB4B-06E7-4120-BCC5-6002CA53C841}
	EndGlobalSection
EndGlobal
